###################################################################################################
##
##  DO NOT EDIT THIS FILE.
##  This is a locked requirements file generated by pyorbs.
##
##  Requirements hash: 316b1e5b14cef00880af781a1f6f0d276f3a5313d0f09c211599fadbd8999b91
##
###################################################################################################
-e .
alabaster==1.0.0
asttokens==3.0.1
attrs==25.4.0
babel==2.18.0
beautifulsoup4==4.14.3
bleach==6.3.0
certifi==2026.2.25
charset-normalizer==3.4.5
comm==0.2.3
debugpy==1.8.20
decorator==5.2.1
defusedxml==0.7.1
docutils==0.21.2
executing==2.2.1
fastjsonschema==2.21.2
idna==3.11
imagesize==2.0.0
ipykernel==7.2.0
ipython==9.11.0
ipython_pygments_lexers==1.1.1
ipywidgets==8.1.8
jedi==0.19.2
Jinja2==3.1.6
jsonschema==4.26.0
jsonschema-specifications==2025.9.1
jupyter-sphinx==0.5.3
jupyter_client==8.8.0
jupyter_core==5.9.1
jupyterlab_pygments==0.3.0
jupyterlab_widgets==3.0.16
logikal-utils==1.6.0
MarkupSafe==3.0.3
matplotlib-inline==0.2.1
mistune==3.2.0
nbclient==0.10.4
nbconvert==7.17.0
nbformat==5.10.4
nest-asyncio==1.6.0
numpy==2.4.2
packaging==26.0
pandas==3.0.1
pandocfilters==1.5.1
parso==0.8.6
pexpect==4.9.0
pip==26.0.1
platformdirs==4.9.4
prompt_toolkit==3.0.52
psutil==7.2.2
ptyprocess==0.7.0
pure_eval==0.2.3
Pygments==2.19.2
python-dateutil==2.9.0.post0
pyzmq==27.1.0
referencing==0.37.0
requests==2.32.5
roman-numerals==4.1.0
roman-numerals-py==4.1.0
rpds-py==0.30.0
setuptools==82.0.0
six==1.17.0
snowballstemmer==3.0.1
soupsieve==2.8.3
Sphinx==8.2.3
sphinx_rtd_theme==3.1.0
sphinxcontrib-applehelp==2.0.0
sphinxcontrib-devhelp==2.0.0
sphinxcontrib-htmlhelp==2.1.0
sphinxcontrib-jquery==4.1
sphinxcontrib-jsmath==1.0.1
sphinxcontrib-qthelp==2.0.0
sphinxcontrib-serializinghtml==2.0.0
stack-data==0.6.3
termcolor==3.3.0
tinycss2==1.4.0
tornado==6.5.4
traitlets==5.14.3
typing_extensions==4.15.0
urllib3==2.6.3
wcwidth==0.6.0
webencodings==0.5.1
wheel==0.46.3
widgetsnbextension==4.0.15
